{
  "lockfileVersion": 1,
  "configVersion": 1,
  "workspaces": {
    "": {
      "name": "dropbeam",
      "dependencies": {
        "node-datachannel": "^0.32.2",
      },
      "devDependencies": {
        "@types/bun": "latest",
        "@types/node": "^22.0.0",
        "typescript": "^5.6.0",
      },
    },
    "apps/cli": {
      "name": "@dropbeam/cli",
      "version": "0.1.0",
      "bin": {
        "dropbeam": "./src/index.ts",
      },
      "dependencies": {
        "@dropbeam/protocol": "workspace:*",
        "@dropbeam/transfer": "workspace:*",
        "werift": "^0.20.0",
        "ws": "^8.18.0",
      },
      "devDependencies": {
        "@types/ws": "^8.5.10",
      },
    },
    "apps/desktop": {
      "name": "@dropbeam/desktop",
      "version": "0.1.0",
      "dependencies": {
        "@dropbeam/protocol": "workspace:*",
        "@dropbeam/transfer": "workspace:*",
        "@tauri-apps/api": "^2",
        "@tauri-apps/plugin-dialog": "^2",
        "@tauri-apps/plugin-fs": "^2",
        "@tauri-apps/plugin-notification": "^2",
        "@tauri-apps/plugin-shell": "^2",
      },
      "devDependencies": {
        "@tauri-apps/cli": "^2",
      },
    },
    "apps/signaling": {
      "name": "@dropbeam/signaling",
      "version": "0.1.0",
      "dependencies": {
        "@dropbeam/protocol": "workspace:*",
      },
    },
    "apps/web": {
      "name": "@dropbeam/web",
      "version": "0.1.0",
      "dependencies": {
        "@dropbeam/protocol": "workspace:*",
        "@dropbeam/transfer": "workspace:*",
      },
      "devDependencies": {
        "typescript": "^5.6.0",
        "vite": "^5.4.0",
      },
    },
    "packages/protocol": {
      "name": "@dropbeam/protocol",
      "version": "0.1.0",
    },
    "packages/transfer": {
      "name": "@dropbeam/transfer",
      "version": "0.1.0",
      "dependencies": {
        "@dropbeam/protocol": "workspace:*",
      },
    },
  },
  "packages": {
    "@babel/runtime": ["@babel/runtime@7.29.2", "", {}, "sha512-JiDShH45zKHWyGe4ZNVRrCjBz8Nh9TMmZG1kh4QTK8hCBTWBi8Da+i7s1fJw7/lYpM4ccepSNfqzZ/QvABBi5g=="],

    "@dropbeam/cli": ["@dropbeam/cli@workspace:apps/cli"],

    "@dropbeam/desktop": ["@dropbeam/desktop@workspace:apps/desktop"],

    "@dropbeam/protocol": ["@dropbeam/protocol@workspace:packages/protocol"],

    "@dropbeam/signaling": ["@dropbeam/signaling@workspace:apps/signaling"],

    "@dropbeam/transfer": ["@dropbeam/transfer@workspace:packages/transfer"],

    "@dropbeam/web": ["@dropbeam/web@workspace:apps/web"],

    "@esbuild/aix-ppc64": ["@esbuild/aix-ppc64@0.21.5", "", { "os": "aix", "cpu": "ppc64" }, "sha512-1SDgH6ZSPTlggy1yI6+Dbkiz8xzpHJEVAlF/AM1tHPLsf5STom9rwtjE4hKAF20FfXXNTFqEYXyJNWh1GiZedQ=="],

    "@esbuild/android-arm": ["@esbuild/android-arm@0.21.5", "", { "os": "android", "cpu": "arm" }, "sha512-vCPvzSjpPHEi1siZdlvAlsPxXl7WbOVUBBAowWug4rJHb68Ox8KualB+1ocNvT5fjv6wpkX6o/iEpbDrf68zcg=="],

    "@esbuild/android-arm64": ["@esbuild/android-arm64@0.21.5", "", { "os": "android", "cpu": "arm64" }, "sha512-c0uX9VAUBQ7dTDCjq+wdyGLowMdtR/GoC2U5IYk/7D1H1JYC0qseD7+11iMP2mRLN9RcCMRcjC4YMclCzGwS/A=="],

    "@esbuild/android-x64": ["@esbuild/android-x64@0.21.5", "", { "os": "android", "cpu": "x64" }, "sha512-D7aPRUUNHRBwHxzxRvp856rjUHRFW1SdQATKXH2hqA0kAZb1hKmi02OpYRacl0TxIGz/ZmXWlbZgjwWYaCakTA=="],

    "@esbuild/darwin-arm64": ["@esbuild/darwin-arm64@0.21.5", "", { "os": "darwin", "cpu": "arm64" }, "sha512-DwqXqZyuk5AiWWf3UfLiRDJ5EDd49zg6O9wclZ7kUMv2WRFr4HKjXp/5t8JZ11QbQfUS6/cRCKGwYhtNAY88kQ=="],

    "@esbuild/darwin-x64": ["@esbuild/darwin-x64@0.21.5", "", { "os": "darwin", "cpu": "x64" }, "sha512-se/JjF8NlmKVG4kNIuyWMV/22ZaerB+qaSi5MdrXtd6R08kvs2qCN4C09miupktDitvh8jRFflwGFBQcxZRjbw=="],

    "@esbuild/freebsd-arm64": ["@esbuild/freebsd-arm64@0.21.5", "", { "os": "freebsd", "cpu": "arm64" }, "sha512-5JcRxxRDUJLX8JXp/wcBCy3pENnCgBR9bN6JsY4OmhfUtIHe3ZW0mawA7+RDAcMLrMIZaf03NlQiX9DGyB8h4g=="],

    "@esbuild/freebsd-x64": ["@esbuild/freebsd-x64@0.21.5", "", { "os": "freebsd", "cpu": "x64" }, "sha512-J95kNBj1zkbMXtHVH29bBriQygMXqoVQOQYA+ISs0/2l3T9/kj42ow2mpqerRBxDJnmkUDCaQT/dfNXWX/ZZCQ=="],

    "@esbuild/linux-arm": ["@esbuild/linux-arm@0.21.5", "", { "os": "linux", "cpu": "arm" }, "sha512-bPb5AHZtbeNGjCKVZ9UGqGwo8EUu4cLq68E95A53KlxAPRmUyYv2D6F0uUI65XisGOL1hBP5mTronbgo+0bFcA=="],

    "@esbuild/linux-arm64": ["@esbuild/linux-arm64@0.21.5", "", { "os": "linux", "cpu": "arm64" }, "sha512-ibKvmyYzKsBeX8d8I7MH/TMfWDXBF3db4qM6sy+7re0YXya+K1cem3on9XgdT2EQGMu4hQyZhan7TeQ8XkGp4Q=="],

    "@esbuild/linux-ia32": ["@esbuild/linux-ia32@0.21.5", "", { "os": "linux", "cpu": "ia32" }, "sha512-YvjXDqLRqPDl2dvRODYmmhz4rPeVKYvppfGYKSNGdyZkA01046pLWyRKKI3ax8fbJoK5QbxblURkwK/MWY18Tg=="],

    "@esbuild/linux-loong64": ["@esbuild/linux-loong64@0.21.5", "", { "os": "linux", "cpu": "none" }, "sha512-uHf1BmMG8qEvzdrzAqg2SIG/02+4/DHB6a9Kbya0XDvwDEKCoC8ZRWI5JJvNdUjtciBGFQ5PuBlpEOXQj+JQSg=="],

    "@esbuild/linux-mips64el": ["@esbuild/linux-mips64el@0.21.5", "", { "os": "linux", "cpu": "none" }, "sha512-IajOmO+KJK23bj52dFSNCMsz1QP1DqM6cwLUv3W1QwyxkyIWecfafnI555fvSGqEKwjMXVLokcV5ygHW5b3Jbg=="],

    "@esbuild/linux-ppc64": ["@esbuild/linux-ppc64@0.21.5", "", { "os": "linux", "cpu": "ppc64" }, "sha512-1hHV/Z4OEfMwpLO8rp7CvlhBDnjsC3CttJXIhBi+5Aj5r+MBvy4egg7wCbe//hSsT+RvDAG7s81tAvpL2XAE4w=="],

    "@esbuild/linux-riscv64": ["@esbuild/linux-riscv64@0.21.5", "", { "os": "linux", "cpu": "none" }, "sha512-2HdXDMd9GMgTGrPWnJzP2ALSokE/0O5HhTUvWIbD3YdjME8JwvSCnNGBnTThKGEB91OZhzrJ4qIIxk/SBmyDDA=="],

    "@esbuild/linux-s390x": ["@esbuild/linux-s390x@0.21.5", "", { "os": "linux", "cpu": "s390x" }, "sha512-zus5sxzqBJD3eXxwvjN1yQkRepANgxE9lgOW2qLnmr8ikMTphkjgXu1HR01K4FJg8h1kEEDAqDcZQtbrRnB41A=="],

    "@esbuild/linux-x64": ["@esbuild/linux-x64@0.21.5", "", { "os": "linux", "cpu": "x64" }, "sha512-1rYdTpyv03iycF1+BhzrzQJCdOuAOtaqHTWJZCWvijKD2N5Xu0TtVC8/+1faWqcP9iBCWOmjmhoH94dH82BxPQ=="],

    "@esbuild/netbsd-x64": ["@esbuild/netbsd-x64@0.21.5", "", { "os": "none", "cpu": "x64" }, "sha512-Woi2MXzXjMULccIwMnLciyZH4nCIMpWQAs049KEeMvOcNADVxo0UBIQPfSmxB3CWKedngg7sWZdLvLczpe0tLg=="],

    "@esbuild/openbsd-x64": ["@esbuild/openbsd-x64@0.21.5", "", { "os": "openbsd", "cpu": "x64" }, "sha512-HLNNw99xsvx12lFBUwoT8EVCsSvRNDVxNpjZ7bPn947b8gJPzeHWyNVhFsaerc0n3TsbOINvRP2byTZ5LKezow=="],

    "@esbuild/sunos-x64": ["@esbuild/sunos-x64@0.21.5", "", { "os": "sunos", "cpu": "x64" }, "sha512-6+gjmFpfy0BHU5Tpptkuh8+uw3mnrvgs+dSPQXQOv3ekbordwnzTVEb4qnIvQcYXq6gzkyTnoZ9dZG+D4garKg=="],

    "@esbuild/win32-arm64": ["@esbuild/win32-arm64@0.21.5", "", { "os": "win32", "cpu": "arm64" }, "sha512-Z0gOTd75VvXqyq7nsl93zwahcTROgqvuAcYDUr+vOv8uHhNSKROyU961kgtCD1e95IqPKSQKH7tBTslnS3tA8A=="],

    "@esbuild/win32-ia32": ["@esbuild/win32-ia32@0.21.5", "", { "os": "win32", "cpu": "ia32" }, "sha512-SWXFF1CL2RVNMaVs+BBClwtfZSvDgtL//G/smwAc5oVK/UPu2Gu9tIaRgFmYFFKrmg3SyAjSrElf0TiJ1v8fYA=="],

    "@esbuild/win32-x64": ["@esbuild/win32-x64@0.21.5", "", { "os": "win32", "cpu": "x64" }, "sha512-tQd/1efJuzPC6rCFwEvLtci/xNFcTZknmXs98FYDfGE4wP9ClFV98nyKrzJKVPMhdDnjzLhdUyMX4PsQAPjwIw=="],

    "@fidm/asn1": ["@fidm/asn1@1.0.4", "", {}, "sha512-esd1jyNvRb2HVaQGq2Gg8Z0kbQPXzV9Tq5Z14KNIov6KfFD6PTaRIO8UpcsYiTNzOqJpmyzWgVTrUwFV3UF4TQ=="],

    "@fidm/x509": ["@fidm/x509@1.2.1", "", { "dependencies": { "@fidm/asn1": "^1.0.4", "tweetnacl": "^1.0.1" } }, "sha512-nwc2iesjyc9hkuzcrMCBXQRn653XuAUKorfWM8PZyJawiy1QzLj4vahwzaI25+pfpwOLvMzbJ0uKpWLDNmo16w=="],

    "@leichtgewicht/ip-codec": ["@leichtgewicht/ip-codec@2.0.5", "", {}, "sha512-Vo+PSpZG2/fmgmiNzYK9qWRh8h/CHrwD0mo1h1DzL4yzHNSfWYujGTYsWGreD000gcgmZ7K4Ys6Tx9TxtsKdDw=="],

    "@minhducsun2002/leb128": ["@minhducsun2002/leb128@1.0.0", "", {}, "sha512-eFrYUPDVHeuwWHluTG1kwNQUEUcFjVKYwPkU8z9DR1JH3AW7JtJsG9cRVGmwz809kKtGfwGJj58juCZxEvnI/g=="],

    "@noble/curves": ["@noble/curves@1.9.7", "", { "dependencies": { "@noble/hashes": "1.8.0" } }, "sha512-gbKGcRUYIjA3/zCCNaWDciTMFI0dCkvou3TL8Zmy5Nc7sJ47a0jtOeZoTaMxkuqRo9cRhjOdZJXegxYE5FN/xw=="],

    "@noble/hashes": ["@noble/hashes@1.8.0", "", {}, "sha512-jCs9ldd7NwzpgXDIf6P3+NrHh9/sD6CQdxHyjQI+h/6rDNo88ypBxxz45UDuZHz9r3tNz7N/VInSVoVdtXEI4A=="],

    "@peculiar/asn1-cms": ["@peculiar/asn1-cms@2.6.1", "", { "dependencies": { "@peculiar/asn1-schema": "^2.6.0", "@peculiar/asn1-x509": "^2.6.1", "@peculiar/asn1-x509-attr": "^2.6.1", "asn1js": "^3.0.6", "tslib": "^2.8.1" } }, "sha512-vdG4fBF6Lkirkcl53q6eOdn3XYKt+kJTG59edgRZORlg/3atWWEReRCx5rYE1ZzTTX6vLK5zDMjHh7vbrcXGtw=="],

    "@peculiar/asn1-csr": ["@peculiar/asn1-csr@2.6.1", "", { "dependencies": { "@peculiar/asn1-schema": "^2.6.0", "@peculiar/asn1-x509": "^2.6.1", "asn1js": "^3.0.6", "tslib": "^2.8.1" } }, "sha512-WRWnKfIocHyzFYQTka8O/tXCiBquAPSrRjXbOkHbO4qdmS6loffCEGs+rby6WxxGdJCuunnhS2duHURhjyio6w=="],

    "@peculiar/asn1-ecc": ["@peculiar/asn1-ecc@2.6.1", "", { "dependencies": { "@peculiar/asn1-schema": "^2.6.0", "@peculiar/asn1-x509": "^2.6.1", "asn1js": "^3.0.6", "tslib": "^2.8.1" } }, "sha512-+Vqw8WFxrtDIN5ehUdvlN2m73exS2JVG0UAyfVB31gIfor3zWEAQPD+K9ydCxaj3MLen9k0JhKpu9LqviuCE1g=="],

    "@peculiar/asn1-pfx": ["@peculiar/asn1-pfx@2.6.1", "", { "dependencies": { "@peculiar/asn1-cms": "^2.6.1", "@peculiar/asn1-pkcs8": "^2.6.1", "@peculiar/asn1-rsa": "^2.6.1", "@peculiar/asn1-schema": "^2.6.0", "asn1js": "^3.0.6", "tslib": "^2.8.1" } }, "sha512-nB5jVQy3MAAWvq0KY0R2JUZG8bO/bTLpnwyOzXyEh/e54ynGTatAR+csOnXkkVD9AFZ2uL8Z7EV918+qB1qDvw=="],

    "@peculiar/asn1-pkcs8": ["@peculiar/asn1-pkcs8@2.6.1", "", { "dependencies": { "@peculiar/asn1-schema": "^2.6.0", "@peculiar/asn1-x509": "^2.6.1", "asn1js": "^3.0.6", "tslib": "^2.8.1" } }, "sha512-JB5iQ9Izn5yGMw3ZG4Nw3Xn/hb/G38GYF3lf7WmJb8JZUydhVGEjK/ZlFSWhnlB7K/4oqEs8HnfFIKklhR58Tw=="],

    "@peculiar/asn1-pkcs9": ["@peculiar/asn1-pkcs9@2.6.1", "", { "dependencies": { "@peculiar/asn1-cms": "^2.6.1", "@peculiar/asn1-pfx": "^2.6.1", "@peculiar/asn1-pkcs8": "^2.6.1", "@peculiar/asn1-schema": "^2.6.0", "@peculiar/asn1-x509": "^2.6.1", "@peculiar/asn1-x509-attr": "^2.6.1", "asn1js": "^3.0.6", "tslib": "^2.8.1" } }, "sha512-5EV8nZoMSxeWmcxWmmcolg22ojZRgJg+Y9MX2fnE2bGRo5KQLqV5IL9kdSQDZxlHz95tHvIq9F//bvL1OeNILw=="],

    "@peculiar/asn1-rsa": ["@peculiar/asn1-rsa@2.6.1", "", { "dependencies": { "@peculiar/asn1-schema": "^2.6.0", "@peculiar/asn1-x509": "^2.6.1", "asn1js": "^3.0.6", "tslib": "^2.8.1" } }, "sha512-1nVMEh46SElUt5CB3RUTV4EG/z7iYc7EoaDY5ECwganibQPkZ/Y2eMsTKB/LeyrUJ+W/tKoD9WUqIy8vB+CEdA=="],

    "@peculiar/asn1-schema": ["@peculiar/asn1-schema@2.6.0", "", { "dependencies": { "asn1js": "^3.0.6", "pvtsutils": "^1.3.6", "tslib": "^2.8.1" } }, "sha512-xNLYLBFTBKkCzEZIw842BxytQQATQv+lDTCEMZ8C196iJcJJMBUZxrhSTxLaohMyKK8QlzRNTRkUmanucnDSqg=="],

    "@peculiar/asn1-x509": ["@peculiar/asn1-x509@2.6.1", "", { "dependencies": { "@peculiar/asn1-schema": "^2.6.0", "asn1js": "^3.0.6", "pvtsutils": "^1.3.6", "tslib": "^2.8.1" } }, "sha512-O9jT5F1A2+t3r7C4VT7LYGXqkGLK7Kj1xFpz7U0isPrubwU5PbDoyYtx6MiGst29yq7pXN5vZbQFKRCP+lLZlA=="],

    "@peculiar/asn1-x509-attr": ["@peculiar/asn1-x509-attr@2.6.1", "", { "dependencies": { "@peculiar/asn1-schema": "^2.6.0", "@peculiar/asn1-x509": "^2.6.1", "asn1js": "^3.0.6", "tslib": "^2.8.1" } }, "sha512-tlW6cxoHwgcQghnJwv3YS+9OO1737zgPogZ+CgWRUK4roEwIPzRH4JEiG770xe5HX2ATfCpmX60gurfWIF9dcQ=="],

    "@peculiar/x509": ["@peculiar/x509@1.14.3", "", { "dependencies": { "@peculiar/asn1-cms": "^2.6.0", "@peculiar/asn1-csr": "^2.6.0", "@peculiar/asn1-ecc": "^2.6.0", "@peculiar/asn1-pkcs9": "^2.6.0", "@peculiar/asn1-rsa": "^2.6.0", "@peculiar/asn1-schema": "^2.6.0", "@peculiar/asn1-x509": "^2.6.0", "pvtsutils": "^1.3.6", "reflect-metadata": "^0.2.2", "tslib": "^2.8.1", "tsyringe": "^4.10.0" } }, "sha512-C2Xj8FZ0uHWeCXXqX5B4/gVFQmtSkiuOolzAgutjTfseNOHT3pUjljDZsTSxXFGgio54bCzVFqmEOUrIVk8RDA=="],

    "@rollup/rollup-android-arm-eabi": ["@rollup/rollup-android-arm-eabi@4.60.3", "", { "os": "android", "cpu": "arm" }, "sha512-x35CNW/ANXG3hE/EZpRU8MXX1JDN86hBb2wMGAtltkz7pc6cxgjpy1OMMfDosOQ+2hWqIkag/fGok1Yady9nGw=="],

    "@rollup/rollup-android-arm64": ["@rollup/rollup-android-arm64@4.60.3", "", { "os": "android", "cpu": "arm64" }, "sha512-xw3xtkDApIOGayehp2+Rz4zimfkaX65r4t47iy+ymQB2G4iJCBBfj0ogVg5jpvjpn8UWn/+q9tprxleYeNp3Hw=="],

    "@rollup/rollup-darwin-arm64": ["@rollup/rollup-darwin-arm64@4.60.3", "", { "os": "darwin", "cpu": "arm64" }, "sha512-vo6Y5Qfpx7/5EaamIwi0WqW2+zfiusVihKatLvtN1VFVy3D13uERk/6gZLU1UiHRL6fDXqj/ELIeVRGnvcTE1g=="],

    "@rollup/rollup-darwin-x64": ["@rollup/rollup-darwin-x64@4.60.3", "", { "os": "darwin", "cpu": "x64" }, "sha512-D+0QGcZhBzTN82weOnsSlY7V7+RMmPuF1CkbxyMAGE8+ZHeUjyb76ZiWmBlCu//AQQONvxcqRbwZTajZKqjuOw=="],

    "@rollup/rollup-freebsd-arm64": ["@rollup/rollup-freebsd-arm64@4.60.3", "", { "os": "freebsd", "cpu": "arm64" }, "sha512-6HnvHCT7fDyj6R0Ph7A6x8dQS/S38MClRWeDLqc0MdfWkxjiu1HSDYrdPhqSILzjTIC/pnXbbJbo+ft+gy/9hQ=="],

    "@rollup/rollup-freebsd-x64": ["@rollup/rollup-freebsd-x64@4.60.3", "", { "os": "freebsd", "cpu": "x64" }, "sha512-KHLgC3WKlUYW3ShFKnnosZDOJ0xjg9zp7au3sIm2bs/tGBeC2ipmvRh/N7JKi0t9Ue20C0dpEshi8WUubg+cnA=="],

    "@rollup/rollup-linux-arm-gnueabihf": ["@rollup/rollup-linux-arm-gnueabihf@4.60.3", "", { "os": "linux", "cpu": "arm" }, "sha512-DV6fJoxEYWJOvaZIsok7KrYl0tPvga5OZ2yvKHNNYyk/2roMLqQAbGhr78EQ5YhHpnhLKJD3S1WFusAkmUuV5g=="],

    "@rollup/rollup-linux-arm-musleabihf": ["@rollup/rollup-linux-arm-musleabihf@4.60.3", "", { "os": "linux", "cpu": "arm" }, "sha512-mQKoJAzvuOs6F+TZybQO4GOTSMUu7v0WdxEk24krQ/uUxXoPTtHjuaUuPmFhtBcM4K0ons8nrE3JyhTuCFtT/w=="],

    "@rollup/rollup-linux-arm64-gnu": ["@rollup/rollup-linux-arm64-gnu@4.60.3", "", { "os": "linux", "cpu": "arm64" }, "sha512-Whjj2qoiJ6+OOJMGptTYazaJvjOJm+iKHpXQM1P3LzGjt7Ff++Tp7nH4N8J/BUA7R9IHfDyx4DJIflifwnbmIA=="],

    "@rollup/rollup-linux-arm64-musl": ["@rollup/rollup-linux-arm64-musl@4.60.3", "", { "os": "linux", "cpu": "arm64" }, "sha512-4YTNHKqGng5+yiZt3mg77nmyuCfmNfX4fPmyUapBcIk+BdwSwmCWGXOUxhXbBEkFHtoN5boLj/5NON+u5QC9tg=="],

    "@rollup/rollup-linux-loong64-gnu": ["@rollup/rollup-linux-loong64-gnu@4.60.3", "", { "os": "linux", "cpu": "none" }, "sha512-SU3kNlhkpI4UqlUc2VXPGK9o886ZsSeGfMAX2ba2b8DKmMXq4AL7KUrkSWVbb7koVqx41Yczx6dx5PNargIrEA=="],

    "@rollup/rollup-linux-loong64-musl": ["@rollup/rollup-linux-loong64-musl@4.60.3", "", { "os": "linux", "cpu": "none" }, "sha512-6lDLl5h4TXpB1mTf2rQWnAk/LcXrx9vBfu/DT5TIPhvMhRWaZ5MxkIc8u4lJAmBo6klTe1ywXIUHFjylW505sg=="],

    "@rollup/rollup-linux-ppc64-gnu": ["@rollup/rollup-linux-ppc64-gnu@4.60.3", "", { "os": "linux", "cpu": "ppc64" }, "sha512-BMo8bOw8evlup/8G+cj5xWtPyp93xPdyoSN16Zy90Q2QZ0ZYRhCt6ZJSwbrRzG9HApFabjwj2p25TUPDWrhzqQ=="],

    "@rollup/rollup-linux-ppc64-musl": ["@rollup/rollup-linux-ppc64-musl@4.60.3", "", { "os": "linux", "cpu": "ppc64" }, "sha512-E0L8X1dZN1/Rph+5VPF6Xj2G7JJvMACVXtamTJIDrVI44Y3K+G8gQaMEAavbqCGTa16InptiVrX6eM6pmJ+7qA=="],

    "@rollup/rollup-linux-riscv64-gnu": ["@rollup/rollup-linux-riscv64-gnu@4.60.3", "", { "os": "linux", "cpu": "none" }, "sha512-oZJ/WHaVfHUiRAtmTAeo3DcevNsVvH8mbvodjZy7D5QKvCefO371SiKRpxoDcCxB3PTRTLayWBkvmDQKTcX/sw=="],

    "@rollup/rollup-linux-riscv64-musl": ["@rollup/rollup-linux-riscv64-musl@4.60.3", "", { "os": "linux", "cpu": "none" }, "sha512-Dhbyh7j9FybM3YaTgaHmVALwA8AkUwTPccyCQ79TG9AJUsMQqgN1DDEZNr4+QUfwiWvLDumW5vdwzoeUF+TNxQ=="],

    "@rollup/rollup-linux-s390x-gnu": ["@rollup/rollup-linux-s390x-gnu@4.60.3", "", { "os": "linux", "cpu": "s390x" }, "sha512-cJd1X5XhHHlltkaypz1UcWLA8AcoIi1aWhsvaWDskD1oz2eKCypnqvTQ8ykMNI0RSmm7NkTdSqSSD7zM0xa6Ig=="],

    "@rollup/rollup-linux-x64-gnu": ["@rollup/rollup-linux-x64-gnu@4.60.3", "", { "os": "linux", "cpu": "x64" }, "sha512-DAZDBHQfG2oQuhY7mc6I3/qB4LU2fQCjRvxbDwd/Jdvb9fypP4IJ4qmtu6lNjes6B531AI8cg1aKC2di97bUxA=="],

    "@rollup/rollup-linux-x64-musl": ["@rollup/rollup-linux-x64-musl@4.60.3", "", { "os": "linux", "cpu": "x64" }, "sha512-cRxsE8c13mZOh3vP+wLDxpQBRrOHDIGOWyDL93Sy0Ga8y515fBcC2pjUfFwUe5T7tqvTvWbCpg1URM/AXdWIXA=="],

    "@rollup/rollup-openbsd-x64": ["@rollup/rollup-openbsd-x64@4.60.3", "", { "os": "openbsd", "cpu": "x64" }, "sha512-QaWcIgRxqEdQdhJqW4DJctsH6HCmo5vHxY0krHSX4jMtOqfzC+dqDGuHM87bu4H8JBeibWx7jFz+h6/4C8wA5Q=="],

    "@rollup/rollup-openharmony-arm64": ["@rollup/rollup-openharmony-arm64@4.60.3", "", { "os": "none", "cpu": "arm64" }, "sha512-AaXwSvUi3QIPtroAUw1t5yHGIyqKEXwH54WUocFolZhpGDruJcs8c+xPNDRn4XiQsS7MEwnYsHW2l0MBLDMkWg=="],

    "@rollup/rollup-win32-arm64-msvc": ["@rollup/rollup-win32-arm64-msvc@4.60.3", "", { "os": "win32", "cpu": "arm64" }, "sha512-65LAKM/bAWDqKNEelHlcHvm2V+Vfb8C6INFxQXRHCvaVN1rJfwr4NvdP4FyzUaLqWfaCGaadf6UbTm8xJeYfEg=="],

    "@rollup/rollup-win32-ia32-msvc": ["@rollup/rollup-win32-ia32-msvc@4.60.3", "", { "os": "win32", "cpu": "ia32" }, "sha512-EEM2gyhBF5MFnI6vMKdX1LAosE627RGBzIoGMdLloPZkXrUN0Ckqgr2Qi8+J3zip/8NVVro3/FjB+tjhZUgUHA=="],

    "@rollup/rollup-win32-x64-gnu": ["@rollup/rollup-win32-x64-gnu@4.60.3", "", { "os": "win32", "cpu": "x64" }, "sha512-E5Eb5H/DpxaoXH++Qkv28RcUJboMopmdDUALBczvHMf7hNIxaDZqwY5lK12UK1BHacSmvupoEWGu+n993Z0y1A=="],

    "@rollup/rollup-win32-x64-msvc": ["@rollup/rollup-win32-x64-msvc@4.60.3", "", { "os": "win32", "cpu": "x64" }, "sha512-hPt/bgL5cE+Qp+/TPHBqptcAgPzgj46mPcg/16zNUmbQk0j+mOEQV/+Lqu8QRtDV3Ek95Q6FeFITpuhl6OTsAA=="],

    "@shinyoshiaki/binary-data": ["@shinyoshiaki/binary-data@0.6.1", "", { "dependencies": { "generate-function": "^2.3.1", "is-plain-object": "^2.0.3" } }, "sha512-7HDb/fQAop2bCmvDIzU5+69i+UJaFgIVp99h1VzK1mpg1JwSODOkjbqD7ilTYnqlnadF8C4XjpwpepxDsGY6+w=="],

    "@shinyoshiaki/ebml-builder": ["@shinyoshiaki/ebml-builder@0.0.1", "", { "dependencies": { "lodash.memoize": "^4.1.2" } }, "sha512-rz1LklnlZ0yvVIt924yRGu+R87Fhfa06BdRIZR6GF6SXVSBTD9wCQmN6opXQLuSkoKXleWJwF3PW1ls8DGZjtw=="],

    "@shinyoshiaki/jspack": ["@shinyoshiaki/jspack@0.0.6", "", {}, "sha512-SdsNhLjQh4onBlyPrn4ia1Pdx5bXT88G/LIEpOYAjx2u4xeY/m/HB5yHqlkJB1uQR3Zw4R3hBWLj46STRAN0rg=="],

    "@tauri-apps/api": ["@tauri-apps/api@2.11.0", "", {}, "sha512-7CinYODhky9lmO23xHnUFv0Xt43fbtWMyxZcLcRBlFkcgXKuEirBvHpmtJ89YMhyeGcq20Wuc47Fa4XjyniywA=="],

    "@tauri-apps/cli": ["@tauri-apps/cli@2.11.1", "", { "optionalDependencies": { "@tauri-apps/cli-darwin-arm64": "2.11.1", "@tauri-apps/cli-darwin-x64": "2.11.1", "@tauri-apps/cli-linux-arm-gnueabihf": "2.11.1", "@tauri-apps/cli-linux-arm64-gnu": "2.11.1", "@tauri-apps/cli-linux-arm64-musl": "2.11.1", "@tauri-apps/cli-linux-riscv64-gnu": "2.11.1", "@tauri-apps/cli-linux-x64-gnu": "2.11.1", "@tauri-apps/cli-linux-x64-musl": "2.11.1", "@tauri-apps/cli-win32-arm64-msvc": "2.11.1", "@tauri-apps/cli-win32-ia32-msvc": "2.11.1", "@tauri-apps/cli-win32-x64-msvc": "2.11.1" }, "bin": { "tauri": "tauri.js" } }, "sha512-rpEbaJ/HzNb6fwsquwoAbq29/Vt4gADhS423A8fdkwL4edJ0wZmoB8ar7O6JPDL834MUKOCm/rrJ7c9oAaEaYQ=="],

    "@tauri-apps/cli-darwin-arm64": ["@tauri-apps/cli-darwin-arm64@2.11.1", "", { "os": "darwin", "cpu": "arm64" }, "sha512-6eEKMBXsQPCuM1EmvrjT2+aBuxWQuFdKdW8pzNuNQtpq45nEEpBlD5gr8pUeAyOU1DQKlkFaEc/MPBxb/Pfjtg=="],

    "@tauri-apps/cli-darwin-x64": ["@tauri-apps/cli-darwin-x64@2.11.1", "", { "os": "darwin", "cpu": "x64" }, "sha512-LQUO7exfRWjWALNhetph5guWpMeHphRpokOLk0OIbTTExaNwJNFu3I4vb+CCM/4G/QGoZe/5XikZOJdNEFP1ig=="],

    "@tauri-apps/cli-linux-arm-gnueabihf": ["@tauri-apps/cli-linux-arm-gnueabihf@2.11.1", "", { "os": "linux", "cpu": "arm" }, "sha512-5i/awiBCRRhOUG8yjn0fMHXIWD5Ez8eEk5LtvOxyQrKuJkRaZDvnbIjZbE183blAwkoA4xN3aO/prJiqscl02Q=="],

    "@tauri-apps/cli-linux-arm64-gnu": ["@tauri-apps/cli-linux-arm64-gnu@2.11.1", "", { "os": "linux", "cpu": "arm64" }, "sha512-9LrwDw3S9Fygtw/Q6WDhOP+3svJRGAsejeE+GKrc0eO1ThMVhwi2LL6hw4dlKw93IfS7VY1G19sWGxJ/NcU4nA=="],

    "@tauri-apps/cli-linux-arm64-musl": ["@tauri-apps/cli-linux-arm64-musl@2.11.1", "", { "os": "linux", "cpu": "arm64" }, "sha512-mNA5dbbqPqDUdTIwdUYYuhO2GvIe9UnB2r0VU2njxBOS3Opbx4gKNC5yP0Iu4rYmEmqdlwry9VzGZQ3wq9dyFg=="],

    "@tauri-apps/cli-linux-riscv64-gnu": ["@tauri-apps/cli-linux-riscv64-gnu@2.11.1", "", { "os": "linux", "cpu": "none" }, "sha512-fZj3Gwq+6fUs305T5WQiD5iSGJw+j/4w/HGmk4sHDAcy+rp9zU5eaxB7nOyz5/I/nkNAuKPqfp6uIbiUBXkBCw=="],

    "@tauri-apps/cli-linux-x64-gnu": ["@tauri-apps/cli-linux-x64-gnu@2.11.1", "", { "os": "linux", "cpu": "x64" }, "sha512-XFxGxOvHM7jjeD6ozCKdGfhzJ7lERYDGZl1/Kb4fsvchaJsfLJ981TlyTG8Qy/gFq+f5GitH3bfrX9JAkjPEyw=="],

    "@tauri-apps/cli-linux-x64-musl": ["@tauri-apps/cli-linux-x64-musl@2.11.1", "", { "os": "linux", "cpu": "x64" }, "sha512-d5C2/Zm+68v7R9wTuTCjRQEVrWjcdMkJBZ1+rXse+QdMMlTB9+u9PDNDLw9PQflWxYLaYZ7tjxxL9Nb9II6PbA=="],

    "@tauri-apps/cli-win32-arm64-msvc": ["@tauri-apps/cli-win32-arm64-msvc@2.11.1", "", { "os": "win32", "cpu": "arm64" }, "sha512-YdeVWFAR1pTXzUU6NLstPq4G6OLxuDrXCXEBdmBH+5EZIDXUx0D2kJlz3+YjpazkKvAzYpgziTsyRagls0OfRQ=="],

    "@tauri-apps/cli-win32-ia32-msvc": ["@tauri-apps/cli-win32-ia32-msvc@2.11.1", "", { "os": "win32", "cpu": "ia32" }, "sha512-VBGkuH0eB9K9LLSMv361Gzr5Ou72sCS4+ztpmkWEQ+wd/amhcYOsf3X6qn1RJZDzIhiOYHJEOysZUC3baD01rA=="],

    "@tauri-apps/cli-win32-x64-msvc": ["@tauri-apps/cli-win32-x64-msvc@2.11.1", "", { "os": "win32", "cpu": "x64" }, "sha512-b3ORhIAKgp9ZYY+zBt7b7r0kLU2kjvyGF0+MS2SBym3emsweGPybEqocJcmtMuxyBhkOKHP4CiuEJEDuAlTx6A=="],

    "@tauri-apps/plugin-dialog": ["@tauri-apps/plugin-dialog@2.7.1", "", { "dependencies": { "@tauri-apps/api": "^2.11.0" } }, "sha512-OK1UBXYt+ojcmxMktzzuyonYIFta8CmAASpX+CA+DTGK24KlHjhYI6x2iOJ/TjZF4N7/ACK1oFmEOjIY9IhzOQ=="],

    "@tauri-apps/plugin-fs": ["@tauri-apps/plugin-fs@2.5.1", "", { "dependencies": { "@tauri-apps/api": "^2.11.0" } }, "sha512-9Lz+Jopp6QyeEWhlpkMx4R/+P9HgR+AVAI4vOZhlT8Xaymtz8iVI/Ov984/XTqgJz/5gz5NretqPB/XEMS3NhQ=="],

    "@tauri-apps/plugin-notification": ["@tauri-apps/plugin-notification@2.3.3", "", { "dependencies": { "@tauri-apps/api": "^2.8.0" } }, "sha512-Zw+ZH18RJb41G4NrfHgIuofJiymusqN+q8fGUIIV7vyCH+5sSn5coqRv/MWB9qETsUs97vmU045q7OyseCV3Qg=="],

    "@tauri-apps/plugin-shell": ["@tauri-apps/plugin-shell@2.3.5", "", { "dependencies": { "@tauri-apps/api": "^2.10.1" } }, "sha512-jewtULhiQ7lI7+owCKAjc8tYLJr92U16bPOeAa472LHJdgaibLP83NcfAF2e+wkEcA53FxKQAZ7byDzs2eeizg=="],

    "@types/bun": ["@types/bun@1.3.12", "", { "dependencies": { "bun-types": "1.3.12" } }, "sha512-DBv81elK+/VSwXHDlnH3Qduw+KxkTIWi7TXkAeh24zpi5l0B2kUg9Ga3tb4nJaPcOFswflgi/yAvMVBPrxMB+A=="],

    "@types/estree": ["@types/estree@1.0.8", "", {}, "sha512-dWHzHa2WqEXI/O1E9OjrocMTKJl2mSrEolh1Iomrv6U+JuNwaHXsXx9bLu5gG7BUWFIN0skIQJQ/L1rIex4X6w=="],

    "@types/node": ["@types/node@22.19.17", "", { "dependencies": { "undici-types": "~6.21.0" } }, "sha512-wGdMcf+vPYM6jikpS/qhg6WiqSV/OhG+jeeHT/KlVqxYfD40iYJf9/AE1uQxVWFvU7MipKRkRv8NSHiCGgPr8Q=="],

    "@types/ws": ["@types/ws@8.18.1", "", { "dependencies": { "@types/node": "*" } }, "sha512-ThVF6DCVhA8kUGy+aazFQ4kXQ7E1Ty7A3ypFOe0IcJV8O/M511G99AW24irKrW56Wt44yG9+ij8FaqoBGkuBXg=="],

    "aes-js": ["aes-js@3.1.2", "", {}, "sha512-e5pEa2kBnBOgR4Y/p20pskXI74UEz7de8ZGVo58asOtvSVG5YAbJeELPZxOmt+Bnz3rX753YKhfIn4X4l1PPRQ=="],

    "asn1js": ["asn1js@3.0.7", "", { "dependencies": { "pvtsutils": "^1.3.6", "pvutils": "^1.1.3", "tslib": "^2.8.1" } }, "sha512-uLvq6KJu04qoQM6gvBfKFjlh6Gl0vOKQuR5cJMDHQkmwfMOQeN3F3SHCv9SNYSL+CRoHvOGFfllDlVz03GQjvQ=="],

    "base64-js": ["base64-js@1.5.1", "", {}, "sha512-AKpaYlHn8t4SVbOHCy+b5+KKgvR4vrsD8vbvrbiQJps7fKDTkjkDry6ji0rUJjC0kzbNePLwzxq8iypo41qeWA=="],

    "big-integer": ["big-integer@1.6.52", "", {}, "sha512-QxD8cf2eVqJOOz63z6JIN9BzvVs/dlySa5HGSBH5xtR8dPteIRQnBxxKqkNTiT6jbDTF6jAfrd4oMcND9RGbQg=="],

    "bl": ["bl@4.1.0", "", { "dependencies": { "buffer": "^5.5.0", "inherits": "^2.0.4", "readable-stream": "^3.4.0" } }, "sha512-1W07cM9gS6DcLperZfFSj+bWLtaPGSOHWhPiGzXmvVJbRLdG82sH/Kn8EtW1VqWVA54AKf2h5k5BbnIbwF3h6w=="],

    "buffer": ["buffer@6.0.3", "", { "dependencies": { "base64-js": "^1.3.1", "ieee754": "^1.2.1" } }, "sha512-FTiCpNxtwiZZHEZbcbTIcZjERVICn9yq/pDFkTl95/AxzD1naBctN7YO68riM/gLSDY7sdrMby8hofADYuuqOA=="],

    "buffer-crc32": ["buffer-crc32@1.0.0", "", {}, "sha512-Db1SbgBS/fg/392AblrMJk97KggmvYhr4pB5ZIMTWtaivCPMWLkmb7m21cJvpvgK+J3nsU2CmmixNBZx4vFj/w=="],

    "bun-types": ["bun-types@1.3.12", "", { "dependencies": { "@types/node": "*" } }, "sha512-HqOLj5PoFajAQciOMRiIZGNoKxDJSr6qigAttOX40vJuSp6DN/CxWp9s3C1Xwm4oH7ybueITwiaOcWXoYVoRkA=="],

    "chownr": ["chownr@1.1.4", "", {}, "sha512-jJ0bqzaylmJtVnNgzTeSOs8DPavpbYgEr/b0YL8/2GO3xJEhInFmhKMUnEJQjZumK7KXGFhUy89PrsJWlakBVg=="],

    "date-fns": ["date-fns@2.30.0", "", { "dependencies": { "@babel/runtime": "^7.21.0" } }, "sha512-fnULvOpxnC5/Vg3NCiWelDsLiUc9bRwAPs/+LfTLNvetFCtCTN+yQz15C/fs4AwX1R9K5GLtLfn8QW+dWisaAw=="],

    "debug": ["debug@4.4.3", "", { "dependencies": { "ms": "^2.1.3" } }, "sha512-RGwwWnwQvkVfavKVt22FGLw+xYSdzARwm0ru6DhTVA3umU5hZc28V3kO4stgYryrTlLpuvgI9GiijltAjNbcqA=="],

    "decompress-response": ["decompress-response@6.0.0", "", { "dependencies": { "mimic-response": "^3.1.0" } }, "sha512-aW35yZM6Bb/4oJlZncMH2LCoZtJXTRxES17vE3hoRiowU2kWHaJKFkSBDnDR+cm9J+9QhXmREyIfv0pji9ejCQ=="],

    "deep-extend": ["deep-extend@0.6.0", "", {}, "sha512-LOHxIOaPYdHlJRtCQfDIVZtfw/ufM8+rVj649RIHzcm/vGwQRXFt6OPqIFWsm2XEMrNIEtWR64sY1LEKD2vAOA=="],

    "detect-libc": ["detect-libc@2.1.2", "", {}, "sha512-Btj2BOOO83o3WyH59e8MgXsxEQVcarkUOpEYrubB0urwnN10yQ364rsiByU11nZlqWYZm05i/of7io4mzihBtQ=="],

    "dns-packet": ["dns-packet@5.6.1", "", { "dependencies": { "@leichtgewicht/ip-codec": "^2.0.1" } }, "sha512-l4gcSouhcgIKRvyy99RNVOgxXiicE+2jZoNmaNmZ6JXiGajBOJAesk1OBlJuM5k2c+eudGdLxDqXuPCKIj6kpw=="],

    "end-of-stream": ["end-of-stream@1.4.5", "", { "dependencies": { "once": "^1.4.0" } }, "sha512-ooEGc6HP26xXq/N+GCGOT0JKCLDGrq2bQUZrQ7gyrJiZANJ/8YDTxTpQBXGMn+WbIQXNVpyWymm7KYVICQnyOg=="],

    "esbuild": ["esbuild@0.21.5", "", { "optionalDependencies": { "@esbuild/aix-ppc64": "0.21.5", "@esbuild/android-arm": "0.21.5", "@esbuild/android-arm64": "0.21.5", "@esbuild/android-x64": "0.21.5", "@esbuild/darwin-arm64": "0.21.5", "@esbuild/darwin-x64": "0.21.5", "@esbuild/freebsd-arm64": "0.21.5", "@esbuild/freebsd-x64": "0.21.5", "@esbuild/linux-arm": "0.21.5", "@esbuild/linux-arm64": "0.21.5", "@esbuild/linux-ia32": "0.21.5", "@esbuild/linux-loong64": "0.21.5", "@esbuild/linux-mips64el": "0.21.5", "@esbuild/linux-ppc64": "0.21.5", "@esbuild/linux-riscv64": "0.21.5", "@esbuild/linux-s390x": "0.21.5", "@esbuild/linux-x64": "0.21.5", "@esbuild/netbsd-x64": "0.21.5", "@esbuild/openbsd-x64": "0.21.5", "@esbuild/sunos-x64": "0.21.5", "@esbuild/win32-arm64": "0.21.5", "@esbuild/win32-ia32": "0.21.5", "@esbuild/win32-x64": "0.21.5" }, "bin": { "esbuild": "bin/esbuild" } }, "sha512-mg3OPMV4hXywwpoDxu3Qda5xCKQi+vCTZq8S9J/EpkhB2HzKXq4SNFZE3+NK93JYxc8VMSep+lOUSC/RVKaBqw=="],

    "expand-template": ["expand-template@2.0.3", "", {}, "sha512-XYfuKMvj4O35f/pOXLObndIRvyQ+/+6AhODh+OKWj9S9498pHHn/IMszH+gt0fBCRWMNfk1ZSp5x3AifmnI2vg=="],

    "fs-constants": ["fs-constants@1.0.0", "", {}, "sha512-y6OAwoSIf7FyjMIv94u+b5rdheZEjzR63GTyZJm5qh4Bi+2YgwLCcI/fPFZkL5PSixOt6ZNKm+w+Hfp/Bciwow=="],

    "fsevents": ["fsevents@2.3.3", "", { "os": "darwin" }, "sha512-5xoDfX+fL7faATnagmWPpbFtwh/R77WmMMqqHGS65C3vvB0YHrgF+B1YmZ3441tMj5n63k0212XNoJwzlhffQw=="],

    "generate-function": ["generate-function@2.3.1", "", { "dependencies": { "is-property": "^1.0.2" } }, "sha512-eeB5GfMNeevm/GRYq20ShmsaGcmI81kIX2K9XQx5miC8KdHaC6Jm0qQ8ZNeGOi7wYB8OsdxKs+Y2oVuTFuVwKQ=="],

    "github-from-package": ["github-from-package@0.0.0", "", {}, "sha512-SyHy3T1v2NUXn29OsWdxmK6RwHD+vkj3v8en8AOBZ1wBQ/hCAQ5bAQTD02kW4W9tUp/3Qh6J8r9EvntiyCmOOw=="],

    "ieee754": ["ieee754@1.2.1", "", {}, "sha512-dcyqhDvX1C46lXZcVqCpK+FtMRQVdIMN6/Df5js2zouUsqG7I6sFxitIC+7KYK29KdXOLHdu9zL4sFnoVQnqaA=="],

    "inherits": ["inherits@2.0.4", "", {}, "sha512-k/vGaX4/Yla3WzyMCvTQOXYeIHvqOKtnqBduzTHpzpQZzAskKMhZ2K+EnBiSM9zGSoIFeMpXKxa4dYeZIQqewQ=="],

    "ini": ["ini@1.3.8", "", {}, "sha512-JV/yugV2uzW5iMRSiZAyDtQd+nxtUnjeLt0acNdw98kKLrvuRVyB80tsREOE7yvGVgalhZ6RNXCmEHkUKBKxew=="],

    "int64-buffer": ["int64-buffer@1.1.0", "", {}, "sha512-94smTCQOvigN4d/2R/YDjz8YVG0Sufvv2aAh8P5m42gwhCsDAJqnbNOrxJsrADuAFAA69Q/ptGzxvNcNuIJcvw=="],

    "ip": ["ip@2.0.1", "", {}, "sha512-lJUL9imLTNi1ZfXT+DU6rBBdbiKGBuay9B6xGSPVjUeQwaH1RIGqef8RZkUtHioLmSNpPR5M4HVKJGm1j8FWVQ=="],

    "is-plain-object": ["is-plain-object@2.0.4", "", { "dependencies": { "isobject": "^3.0.1" } }, "sha512-h5PpgXkWitc38BBMYawTYMWJHFZJVnBquFE57xFpjB8pJFiF6gZ+bU+WyI/yqXiFR5mdLsgYNaPe8uao6Uv9Og=="],

    "is-property": ["is-property@1.0.2", "", {}, "sha512-Ks/IoX00TtClbGQr4TWXemAnktAQvYB7HzcCxDGqEZU6oCmb2INHuOoKxbtR+HFkmYWBKv/dOZtGRiAjDhj92g=="],

    "isobject": ["isobject@3.0.1", "", {}, "sha512-WhB9zCku7EGTj/HQQRz5aUQEUeoQZH2bWcltRErOpymJ4boYE6wL9Tbr23krRPSZ+C5zqNSrSw+Cc7sZZ4b7vg=="],

    "lodash": ["lodash@4.18.1", "", {}, "sha512-dMInicTPVE8d1e5otfwmmjlxkZoUpiVLwyeTdUsi/Caj/gfzzblBcCE5sRHV/AsjuCmxWrte2TNGSYuCeCq+0Q=="],

    "lodash.memoize": ["lodash.memoize@4.1.2", "", {}, "sha512-t7j+NzmgnQzTAYXcsHYLgimltOV1MXHtlOWf6GjL9Kj8GK5FInw5JotxvbOs+IvV1/Dzo04/fCGfLVs7aXb4Ag=="],

    "mimic-response": ["mimic-response@3.1.0", "", {}, "sha512-z0yWI+4FDrrweS8Zmt4Ej5HdJmky15+L2e6Wgn3+iK5fWzb6T3fhNFq2+MeTRb064c6Wr4N/wv0DzQTjNzHNGQ=="],

    "minimist": ["minimist@1.2.8", "", {}, "sha512-2yyAR8qBkN3YuheJanUpWC5U3bb5osDywNB8RzDVlDwDHbocAJveqqj1u8+SVD7jkWT4yvsHCpWqqWqAxb0zCA=="],

    "mkdirp-classic": ["mkdirp-classic@0.5.3", "", {}, "sha512-gKLcREMhtuZRwRAfqP3RFW+TK4JqApVBtOIftVgjuABpAtpxhPGaDcfvbhNvD0B8iD1oUr/txX35NjcaY6Ns/A=="],

    "mp4box": ["mp4box@0.5.4", "", {}, "sha512-GcCH0fySxBurJtvr0dfhz0IxHZjc1RP+F+I8xw+LIwkU1a+7HJx8NCDiww1I5u4Hz6g4eR1JlGADEGJ9r4lSfA=="],

    "ms": ["ms@2.1.3", "", {}, "sha512-6FlzubTLZG3J2a/NVCAleEhjzq5oxgHyaCU9yYXvcLsvoVaHJq/s5xXI6/XXP6tz7R9xAOtHnSO/tXtF3WRTlA=="],

    "multicast-dns": ["multicast-dns@7.2.5", "", { "dependencies": { "dns-packet": "^5.2.2", "thunky": "^1.0.2" }, "bin": { "multicast-dns": "cli.js" } }, "sha512-2eznPJP8z2BFLX50tf0LuODrpINqP1RVIm/CObbTcBRITQgmC/TjcREF1NeTBzIcR5XO/ukWo+YHOjBbFwIupg=="],

    "nano-time": ["nano-time@1.0.0", "", { "dependencies": { "big-integer": "^1.6.16" } }, "sha512-flnngywOoQ0lLQOTRNexn2gGSNuM9bKj9RZAWSzhQ+UJYaAFG9bac4DW9VHjUAzrOaIcajHybCTHe/bkvozQqA=="],

    "nanoid": ["nanoid@3.3.12", "", { "bin": { "nanoid": "bin/nanoid.cjs" } }, "sha512-ZB9RH/39qpq5Vu6Y+NmUaFhQR6pp+M2Xt76XBnEwDaGcVAqhlvxrl3B2bKS5D3NH3QR76v3aSrKaF/Kiy7lEtQ=="],

    "napi-build-utils": ["napi-build-utils@2.0.0", "", {}, "sha512-GEbrYkbfF7MoNaoh2iGG84Mnf/WZfB0GdGEsM8wz7Expx/LlWf5U8t9nvJKXSp3qr5IsEbK04cBGhol/KwOsWA=="],

    "node-abi": ["node-abi@3.89.0", "", { "dependencies": { "semver": "^7.3.5" } }, "sha512-6u9UwL0HlAl21+agMN3YAMXcKByMqwGx+pq+P76vii5f7hTPtKDp08/H9py6DY+cfDw7kQNTGEj/rly3IgbNQA=="],

    "node-datachannel": ["node-datachannel@0.32.2", "", { "dependencies": { "prebuild-install": "^7.1.3" } }, "sha512-wMnTuGL+UQhd/D8oRY+DecgN4sxYAWKgCwsFulLSvujgRWjFMQ0yKWN36IIBqDc1vBDdqmAgI9jm9NxvEYWEGg=="],

    "once": ["once@1.4.0", "", { "dependencies": { "wrappy": "1" } }, "sha512-lNaJgI+2Q5URQBkccEKHTQOPaXdUxnZZElQTZY0MFUAuaEqe1E+Nyvgdz/aIyNi6Z9MzO5dv1H8n58/GELp3+w=="],

    "p-cancelable": ["p-cancelable@2.1.1", "", {}, "sha512-BZOr3nRQHOntUjTrH8+Lh54smKHoHyur8We1V8DSMVrl5A2malOOwuJRnKRDjSnkoeBh4at6BwEnb5I7Jl31wg=="],

    "picocolors": ["picocolors@1.1.1", "", {}, "sha512-xceH2snhtb5M9liqDsmEw56le376mTZkEX/jEb/RxNFyegNul7eNslCXP9FDj/Lcu0X8KEyMceP2ntpaHrDEVA=="],

    "postcss": ["postcss@8.5.14", "", { "dependencies": { "nanoid": "^3.3.11", "picocolors": "^1.1.1", "source-map-js": "^1.2.1" } }, "sha512-SoSL4+OSEtR99LHFZQiJLkT59C5B1amGO1NzTwj7TT1qCUgUO6hxOvzkOYxD+vMrXBM3XJIKzokoERdqQq/Zmg=="],

    "prebuild-install": ["prebuild-install@7.1.3", "", { "dependencies": { "detect-libc": "^2.0.0", "expand-template": "^2.0.3", "github-from-package": "0.0.0", "minimist": "^1.2.3", "mkdirp-classic": "^0.5.3", "napi-build-utils": "^2.0.0", "node-abi": "^3.3.0", "pump": "^3.0.0", "rc": "^1.2.7", "simple-get": "^4.0.0", "tar-fs": "^2.0.0", "tunnel-agent": "^0.6.0" }, "bin": { "prebuild-install": "bin.js" } }, "sha512-8Mf2cbV7x1cXPUILADGI3wuhfqWvtiLA1iclTDbFRZkgRQS0NqsPZphna9V+HyTEadheuPmjaJMsbzKQFOzLug=="],

    "pump": ["pump@3.0.4", "", { "dependencies": { "end-of-stream": "^1.1.0", "once": "^1.3.1" } }, "sha512-VS7sjc6KR7e1ukRFhQSY5LM2uBWAUPiOPa/A3mkKmiMwSmRFUITt0xuj+/lesgnCv+dPIEYlkzrcyXgquIHMcA=="],

    "pvtsutils": ["pvtsutils@1.3.6", "", { "dependencies": { "tslib": "^2.8.1" } }, "sha512-PLgQXQ6H2FWCaeRak8vvk1GW462lMxB5s3Jm673N82zI4vqtVUPuZdffdZbPDFRoU8kAhItWFtPCWiPpp4/EDg=="],

    "pvutils": ["pvutils@1.1.5", "", {}, "sha512-KTqnxsgGiQ6ZAzZCVlJH5eOjSnvlyEgx1m8bkRJfOhmGRqfo5KLvmAlACQkrjEtOQ4B7wF9TdSLIs9O90MX9xA=="],

    "rc": ["rc@1.2.8", "", { "dependencies": { "deep-extend": "^0.6.0", "ini": "~1.3.0", "minimist": "^1.2.0", "strip-json-comments": "~2.0.1" }, "bin": { "rc": "./cli.js" } }, "sha512-y3bGgqKj3QBdxLbLkomlohkvsA8gdAiUQlSBJnBhfn+BPxg4bc62d8TcBW15wavDfgexCgccckhcZvywyQYPOw=="],

    "readable-stream": ["readable-stream@3.6.2", "", { "dependencies": { "inherits": "^2.0.3", "string_decoder": "^1.1.1", "util-deprecate": "^1.0.1" } }, "sha512-9u/sniCrY3D5WdsERHzHE4G2YCXqoG5FTHUiCC4SIbr6XcLZBY05ya9EKjYek9O5xOAwjGq+1JdGBAS7Q9ScoA=="],

    "reflect-metadata": ["reflect-metadata@0.2.2", "", {}, "sha512-urBwgfrvVP/eAyXx4hluJivBKzuEbSQs9rKWCrCkbSxNv8mxPcUZKeuoF3Uy4mJl3Lwprp6yy5/39VWigZ4K6Q=="],

    "rollup": ["rollup@4.60.3", "", { "dependencies": { "@types/estree": "1.0.8" }, "optionalDependencies": { "@rollup/rollup-android-arm-eabi": "4.60.3", "@rollup/rollup-android-arm64": "4.60.3", "@rollup/rollup-darwin-arm64": "4.60.3", "@rollup/rollup-darwin-x64": "4.60.3", "@rollup/rollup-freebsd-arm64": "4.60.3", "@rollup/rollup-freebsd-x64": "4.60.3", "@rollup/rollup-linux-arm-gnueabihf": "4.60.3", "@rollup/rollup-linux-arm-musleabihf": "4.60.3", "@rollup/rollup-linux-arm64-gnu": "4.60.3", "@rollup/rollup-linux-arm64-musl": "4.60.3", "@rollup/rollup-linux-loong64-gnu": "4.60.3", "@rollup/rollup-linux-loong64-musl": "4.60.3", "@rollup/rollup-linux-ppc64-gnu": "4.60.3", "@rollup/rollup-linux-ppc64-musl": "4.60.3", "@rollup/rollup-linux-riscv64-gnu": "4.60.3", "@rollup/rollup-linux-riscv64-musl": "4.60.3", "@rollup/rollup-linux-s390x-gnu": "4.60.3", "@rollup/rollup-linux-x64-gnu": "4.60.3", "@rollup/rollup-linux-x64-musl": "4.60.3", "@rollup/rollup-openbsd-x64": "4.60.3", "@rollup/rollup-openharmony-arm64": "4.60.3", "@rollup/rollup-win32-arm64-msvc": "4.60.3", "@rollup/rollup-win32-ia32-msvc": "4.60.3", "@rollup/rollup-win32-x64-gnu": "4.60.3", "@rollup/rollup-win32-x64-msvc": "4.60.3", "fsevents": "~2.3.2" }, "bin": { "rollup": "dist/bin/rollup" } }, "sha512-pAQK9HalE84QSm4Po3EmWIZPd3FnjkShVkiMlz1iligWYkWQ7wHYd1PF/T7QZ5TVSD6uSTon5gBVMSM4JfBV+A=="],

    "rx.mini": ["rx.mini@1.4.0", "", {}, "sha512-8w5cSc1mwNja7fl465DXOkVvIOkpvh2GW4jo31nAIvX4WTXCsRnKJGUfiDBzWtYRInEcHAUYIZfzusjIrea8gA=="],

    "safe-buffer": ["safe-buffer@5.2.1", "", {}, "sha512-rp3So07KcdmmKbGvgaNxQSJr7bGVSVk5S9Eq1F+ppbRo70+YeaDxkw5Dd8NPN+GD6bjnYm2VuPuCXmpuYvmCXQ=="],

    "semver": ["semver@7.7.4", "", { "bin": { "semver": "bin/semver.js" } }, "sha512-vFKC2IEtQnVhpT78h1Yp8wzwrf8CM+MzKMHGJZfBtzhZNycRFnXsHk6E5TxIkkMsgNS7mdX3AGB7x2QM2di4lA=="],

    "simple-concat": ["simple-concat@1.0.1", "", {}, "sha512-cSFtAPtRhljv69IK0hTVZQ+OfE9nePi/rtJmw5UjHeVyVroEqJXP1sFztKUy1qU+xvz3u/sfYJLa947b7nAN2Q=="],

    "simple-get": ["simple-get@4.0.1", "", { "dependencies": { "decompress-response": "^6.0.0", "once": "^1.3.1", "simple-concat": "^1.0.0" } }, "sha512-brv7p5WgH0jmQJr1ZDDfKDOSeWWg+OVypG99A/5vYGPqJ6pxiaHLy8nxtFjBA7oMa01ebA9gfh1uMCFqOuXxvA=="],

    "source-map-js": ["source-map-js@1.2.1", "", {}, "sha512-UXWMKhLOwVKb728IUtQPXxfYU+usdybtUrK/8uGE8CQMvrhOpwvzDBwj0QhSL7MQc7vIsISBG8VQ8+IDQxpfQA=="],

    "string_decoder": ["string_decoder@1.3.0", "", { "dependencies": { "safe-buffer": "~5.2.0" } }, "sha512-hkRX8U1WjJFd8LsDJ2yQ/wWWxaopEsABU1XfkM8A+j0+85JAGppt16cr1Whg6KIbb4okU6Mql6BOj+uup/wKeA=="],

    "strip-json-comments": ["strip-json-comments@2.0.1", "", {}, "sha512-4gB8na07fecVVkOI6Rs4e7T6NOTki5EmL7TUduTs6bu3EdnSycntVJ4re8kgZA+wx9IueI2Y11bfbgwtzuE0KQ=="],

    "tar-fs": ["tar-fs@2.1.4", "", { "dependencies": { "chownr": "^1.1.1", "mkdirp-classic": "^0.5.2", "pump": "^3.0.0", "tar-stream": "^2.1.4" } }, "sha512-mDAjwmZdh7LTT6pNleZ05Yt65HC3E+NiQzl672vQG38jIrehtJk/J3mNwIg+vShQPcLF/LV7CMnDW6vjj6sfYQ=="],

    "tar-stream": ["tar-stream@2.2.0", "", { "dependencies": { "bl": "^4.0.3", "end-of-stream": "^1.4.1", "fs-constants": "^1.0.0", "inherits": "^2.0.3", "readable-stream": "^3.1.1" } }, "sha512-ujeqbceABgwMZxEJnk2HDY2DlnUZ+9oEcb1KzTVfYHio0UE6dG71n60d8D2I4qNvleWrrXpmjpt7vZeF1LnMZQ=="],

    "thunky": ["thunky@1.1.0", "", {}, "sha512-eHY7nBftgThBqOyHGVN+l8gF0BucP09fMo0oO/Lb0w1OF80dJv+lDVpXG60WMQvkcxAkNybKsrEIE3ZtKGmPrA=="],

    "tslib": ["tslib@2.8.1", "", {}, "sha512-oJFu94HQb+KVduSUQL7wnpmqnfmLsOA/nAh6b6EH0wCEoK0/mPeXU6c3wKDV83MkOuHPRHtSXKKU99IBazS/2w=="],

    "tsyringe": ["tsyringe@4.10.0", "", { "dependencies": { "tslib": "^1.9.3" } }, "sha512-axr3IdNuVIxnaK5XGEUFTu3YmAQ6lllgrvqfEoR16g/HGnYY/6We4oWENtAnzK6/LpJ2ur9PAb80RBt7/U4ugw=="],

    "tunnel-agent": ["tunnel-agent@0.6.0", "", { "dependencies": { "safe-buffer": "^5.0.1" } }, "sha512-McnNiV1l8RYeY8tBgEpuodCC1mLUdbSN+CYBL7kJsJNInOP8UjDDEwdk6Mw60vdLLrr5NHKZhMAOSrR2NZuQ+w=="],

    "turbo-crc32": ["turbo-crc32@1.0.1", "", {}, "sha512-8yyRd1ZdNp+AQLGqi3lTaA2k81JjlIZOyFQEsi7GQWBgirnQOxjqVtDEbYHM2Z4yFdJ5AQw0fxBLLnDCl6RXoQ=="],

    "tweetnacl": ["tweetnacl@1.0.3", "", {}, "sha512-6rt+RN7aOi1nGMyC4Xa5DdYiukl2UWCbcJft7YhxReBGQD7OAM8Pbxw6YMo4r2diNEA8FEmu32YOn9rhaiE5yw=="],

    "typescript": ["typescript@5.9.3", "", { "bin": { "tsc": "bin/tsc", "tsserver": "bin/tsserver" } }, "sha512-jl1vZzPDinLr9eUt3J/t7V6FgNEw9QjvBPdysz9KfQDD41fQrC2Y4vKQdiaUpFT4bXlb1RHhLpp8wtm6M5TgSw=="],

    "undici-types": ["undici-types@6.21.0", "", {}, "sha512-iwDZqg0QAGrg9Rav5H4n0M64c3mkR59cJ6wQp+7C4nI0gsmExaedaYLNO44eT4AtBBwjbTiGPMlt2Md0T9H9JQ=="],

    "util-deprecate": ["util-deprecate@1.0.2", "", {}, "sha512-EPD5q1uXyFxJpCrLnCc1nHnq3gOa6DZBocAIiI2TaSCA7VCJ1UJDMagCzIkXNsUYfD1daK//LTEQ8xiIbrHtcw=="],

    "uuid": ["uuid@9.0.1", "", { "bin": { "uuid": "dist/bin/uuid" } }, "sha512-b+1eJOlsR9K8HJpow9Ok3fiWOWSIcIzXodvv0rQjVoOVNpWMpxf1wZNpt4y9h10odCNrqnYp1OBzRktckBe3sA=="],

    "vite": ["vite@5.4.21", "", { "dependencies": { "esbuild": "^0.21.3", "postcss": "^8.4.43", "rollup": "^4.20.0" }, "optionalDependencies": { "fsevents": "~2.3.3" }, "peerDependencies": { "@types/node": "^18.0.0 || >=20.0.0", "less": "*", "lightningcss": "^1.21.0", "sass": "*", "sass-embedded": "*", "stylus": "*", "sugarss": "*", "terser": "^5.4.0" }, "optionalPeers": ["@types/node", "less", "lightningcss", "sass", "sass-embedded", "stylus", "sugarss", "terser"], "bin": { "vite": "bin/vite.js" } }, "sha512-o5a9xKjbtuhY6Bi5S3+HvbRERmouabWbyUcpXXUA1u+GNUKoROi9byOJ8M0nHbHYHkYICiMlqxkg1KkYmm25Sw=="],

    "werift": ["werift@0.20.1", "", { "dependencies": { "@fidm/x509": "^1.2.1", "@minhducsun2002/leb128": "^1.0.0", "@noble/curves": "^1.3.0", "@peculiar/x509": "^1.9.2", "@shinyoshiaki/binary-data": "^0.6.1", "@shinyoshiaki/ebml-builder": "^0.0.1", "@shinyoshiaki/jspack": "^0.0.6", "aes-js": "^3.1.2", "buffer-crc32": "^1.0.0", "date-fns": "^2.29.3", "debug": "^4.3.4", "int64-buffer": "^1.0.1", "ip": "^2.0.1", "lodash": "^4.17.21", "mp4box": "^0.5.2", "nano-time": "^1.0.0", "p-cancelable": "^2.1.1", "rx.mini": "^1.2.2", "turbo-crc32": "^1.0.1", "tweetnacl": "^1.0.3", "uuid": "^9.0.0", "werift-common": "*", "werift-dtls": "*", "werift-ice": "*", "werift-rtp": "*", "werift-sctp": "*" } }, "sha512-wZRIfTyvyC2c9daZ2udqkFkaH2cvIAoELeH5w2raBtODC7StILNjUFxgKs9msgn1g4IC3dkSKZo2ZyDDIJsrWA=="],

    "werift-common": ["werift-common@0.0.3", "", { "dependencies": { "@shinyoshiaki/jspack": "^0.0.6", "debug": "^4.4.0" } }, "sha512-ma3E4BqKTyZVLhrdfTVs2T1tg9seeUtKMRn5e64LwgrogWa62+3LAUoLBUSl1yPWhgSkXId7GmcHuWDen9IJeQ=="],

    "werift-dtls": ["werift-dtls@0.5.7", "", { "dependencies": { "@fidm/x509": "^1.2.1", "@noble/curves": "^1.3.0", "@peculiar/x509": "^1.9.2", "@shinyoshiaki/binary-data": "^0.6.1", "date-fns": "^2.29.3", "lodash": "^4.17.21", "rx.mini": "^1.2.2", "tweetnacl": "^1.0.3" } }, "sha512-z2fjbP7fFUFmu/Ky4bCKXzdgPTtmSY1DYi0TUf3GG2zJT4jMQ3TQmGY8y7BSSNGetvL4h3pRZ5un0EcSOWpPog=="],

    "werift-ice": ["werift-ice@0.2.2", "", { "dependencies": { "@shinyoshiaki/jspack": "^0.0.6", "buffer-crc32": "^1.0.0", "debug": "^4.3.4", "int64-buffer": "^1.0.1", "ip": "^2.0.1", "lodash": "^4.17.21", "multicast-dns": "^7.2.5", "p-cancelable": "^2.1.1", "rx.mini": "^1.2.2" } }, "sha512-td52pHp+JmFnUn5jfDr/SSNO0dMCbknhuPdN1tFp9cfRj5jaktN63qnAdUuZC20QCC3ETWdsOthcm+RalHpFCQ=="],

    "werift-rtp": ["werift-rtp@0.8.8", "", { "dependencies": { "@minhducsun2002/leb128": "^1.0.0", "@shinyoshiaki/jspack": "^0.0.6", "aes-js": "^3.1.2", "buffer": "^6.0.3", "mp4box": "^0.5.3" } }, "sha512-GiYMSdvCyScQaw5bnEsraSoHUVZpjfokJAiLV4R1FsiB06t6XiebPYPpkqB9nYNNKiA8Z/cYWsym7wISq1sYSQ=="],

    "werift-sctp": ["werift-sctp@0.0.11", "", { "dependencies": { "@shinyoshiaki/jspack": "^0.0.6" } }, "sha512-7109yuI5U7NTEHjqjn0A8VeynytkgVaxM6lRr1Ziv0D8bPcaB8A7U/P88M7WaCpWDoELHoXiRUjQycMWStIgjQ=="],

    "wrappy": ["wrappy@1.0.2", "", {}, "sha512-l4Sp/DRseor9wL6EvV2+TuQn63dMkPjZ/sp9XkghTEbV9KlPS1xUsZ3u7/IQO4wxtcFB4bgpQPRcR3QCvezPcQ=="],

    "ws": ["ws@8.20.0", "", { "peerDependencies": { "bufferutil": "^4.0.1", "utf-8-validate": ">=5.0.2" }, "optionalPeers": ["bufferutil", "utf-8-validate"] }, "sha512-sAt8BhgNbzCtgGbt2OxmpuryO63ZoDk/sqaB/znQm94T4fCEsy/yV+7CdC1kJhOU9lboAEU7R3kquuycDoibVA=="],

    "bl/buffer": ["buffer@5.7.1", "", { "dependencies": { "base64-js": "^1.3.1", "ieee754": "^1.1.13" } }, "sha512-EHcyIPBQ4BSGlvjB16k5KgAJ27CIsHY/2JBmCRReo48y9rQ3MaUzWX3KVlBa4U7MyX02HdVj0K7C3WaB3ju7FQ=="],

    "tsyringe/tslib": ["tslib@1.14.1", "", {}, "sha512-Xni35NKzjgMrwevysHTCArtLDpPvye8zV/0E4EyYn43P7/7qvQwPh9BGkHewbMulVntbigmcT7rdX3BNo9wRJg=="],
  }
}
